
Microsoft Visual Studio Solution File, Format Version 12.00
# Visual Studio Version 16
VisualStudioVersion = 16.0.29123.89
MinimumVisualStudioVersion = 10.0.40219.1
Project("{2150E333-8FDC-42A3-9474-1A3956D46DE8}") = "src", "src", "{49161A77-61F0-442B-8874-A5FF7D2368C2}"
	ProjectSection(SolutionItems) = preProject
		src\Directory.Build.props = src\Directory.Build.props
	EndProjectSection
EndProject
Project("{2150E333-8FDC-42A3-9474-1A3956D46DE8}") = "test", "test", "{6EBCA070-1271-4575-85F7-A11FD455D64C}"
EndProject
Project("{2150E333-8FDC-42A3-9474-1A3956D46DE8}") = "samples", "samples", "{B33EF166-2895-47CF-BF2C-740C271A250E}"
EndProject
Project("{9A19103F-16F7-4668-BE54-9A1E7A4F7556}") = "SampleWebApplication", "samples\SampleWebApplication\SampleWebApplication.csproj", "{F0CFB5D7-32BB-497F-8EB9-8F792E4D211E}"
EndProject
Project("{9A19103F-16F7-4668-BE54-9A1E7A4F7556}") = "MELT", "src\MELT\MELT.csproj", "{20E89135-0193-453B-B90D-E48361C51E71}"
EndProject
Project("{9A19103F-16F7-4668-BE54-9A1E7A4F7556}") = "MELT.Tests", "test\MELT.Tests\MELT.Tests.csproj", "{C50A3311-73B2-468B-8F26-8AD805E5C095}"
EndProject
Project("{9A19103F-16F7-4668-BE54-9A1E7A4F7556}") = "MELT.Xunit", "src\MELT.Xunit\MELT.Xunit.csproj", "{770FD00A-FC22-481F-B8EA-1662DCB0EBCE}"
EndProject
Project("{9A19103F-16F7-4668-BE54-9A1E7A4F7556}") = "MELT.Xunit.Tests", "test\MELT.Xunit.Tests\MELT.Xunit.Tests.csproj", "{3438AE10-B850-4ADD-A34A-0AED8E060F89}"
EndProject
Project("{9A19103F-16F7-4668-BE54-9A1E7A4F7556}") = "SampleWebApplication.IntegrationTests", "samples\SampleWebApplication.IntegrationTests\SampleWebApplication.IntegrationTests.csproj", "{0848ED77-DB75-4195-B59C-1B4BF0F4EFA8}"
EndProject
Project("{9A19103F-16F7-4668-BE54-9A1E7A4F7556}") = "SampleLibrary", "samples\SampleLibrary\SampleLibrary.csproj", "{263DEA15-C146-4C68-B930-D771733F77C6}"
EndProject
Project("{9A19103F-16F7-4668-BE54-9A1E7A4F7556}") = "SampleLibraryTests", "samples\SampleLibraryTests\SampleLibraryTests.csproj", "{3DC8CD5B-BB9C-4FF0-9101-A5E7A185ED36}"
EndProject
Project("{2150E333-8FDC-42A3-9474-1A3956D46DE8}") = "Solution Items", "Solution Items", "{FCD27AA9-D880-4B0C-AAF1-240F0A901D30}"
	ProjectSection(SolutionItems) = preProject
		.editorconfig = .editorconfig
		Directory.Build.props = Directory.Build.props
	EndProjectSection
EndProject
Project("{9A19103F-16F7-4668-BE54-9A1E7A4F7556}") = "MELT.AspNetCore", "src\MELT.AspNetCore\MELT.AspNetCore.csproj", "{0CDC4A91-192F-4BB8-A47C-7630E8695E41}"
EndProject
Project("{9A19103F-16F7-4668-BE54-9A1E7A4F7556}") = "SampleWebApplication2_1", "samples\SampleWebApplication2_1\SampleWebApplication2_1.csproj", "{1098CBA6-EC79-4B53-8314-F43ED432104E}"
EndProject
Project("{9A19103F-16F7-4668-BE54-9A1E7A4F7556}") = "SampleWebApplication2_1.IntegrationTests", "samples\SampleWebApplication2_1.IntegrationTests\SampleWebApplication2_1.IntegrationTests.csproj", "{7B27D2A1-7463-447E-98B7-7E814D6F7A10}"
EndProject
Project("{9A19103F-16F7-4668-BE54-9A1E7A4F7556}") = "SampleLibraryHandRolledTests", "samples\SampleLibraryHandRolledTests\SampleLibraryHandRolledTests.csproj", "{15BD4DE9-E58A-41A1-9233-D5E708B19697}"
EndProject
Project("{9A19103F-16F7-4668-BE54-9A1E7A4F7556}") = "SampleWebApplicationSerilog", "samples\SampleWebApplicationSerilog\SampleWebApplicationSerilog.csproj", "{D1FE7A00-415C-4FA6-9ABC-AA2D69A04948}"
EndProject
Project("{9A19103F-16F7-4668-BE54-9A1E7A4F7556}") = "SampleWebApplicationSerilog.IntegrationTests", "samples\SampleWebApplicationSerilog.IntegrationTests\SampleWebApplicationSerilog.IntegrationTests.csproj", "{093B5068-9AC9-4766-BCC9-C93A2C444E67}"
EndProject
Project("{9A19103F-16F7-4668-BE54-9A1E7A4F7556}") = "SampleWebApplicationSerilogAlternate", "samples\SampleWebApplicationSerilogAlternate\SampleWebApplicationSerilogAlternate.csproj", "{822BEBF9-788B-4BB9-A79E-FA9FF26C723E}"
EndProject
Project("{9A19103F-16F7-4668-BE54-9A1E7A4F7556}") = "SampleWebApplicationSerilogAlternate.IntegrationTests", "samples\SampleWebApplicationSerilogAlternate.IntegrationTests\SampleWebApplicationSerilogAlternate.IntegrationTests.csproj", "{12A7ED3E-5568-4843-817E-96B29B5DFED1}"
EndProject
Project("{FAE04EC0-301F-11D3-BF4B-00C04F79EFBC}") = "MELT.Serilog", "src\MELT.Serilog\MELT.Serilog.csproj", "{706569E0-2979-4D8A-96C9-852D868D4399}"
EndProject
Project("{FAE04EC0-301F-11D3-BF4B-00C04F79EFBC}") = "MELT.Serilog.Xunit", "src\MELT.Serilog.Xunit\MELT.Serilog.Xunit.csproj", "{7BC06B5D-72DE-43C2-9CCA-3D8ED83F3514}"
EndProject
Global
	GlobalSection(SolutionConfigurationPlatforms) = preSolution
		Debug|Any CPU = Debug|Any CPU
		Release|Any CPU = Release|Any CPU
	EndGlobalSection
	GlobalSection(ProjectConfigurationPlatforms) = postSolution
		{F0CFB5D7-32BB-497F-8EB9-8F792E4D211E}.Debug|Any CPU.ActiveCfg = Debug|Any CPU
		{F0CFB5D7-32BB-497F-8EB9-8F792E4D211E}.Debug|Any CPU.Build.0 = Debug|Any CPU
		{F0CFB5D7-32BB-497F-8EB9-8F792E4D211E}.Release|Any CPU.ActiveCfg = Release|Any CPU
		{F0CFB5D7-32BB-497F-8EB9-8F792E4D211E}.Release|Any CPU.Build.0 = Release|Any CPU
		{20E89135-0193-453B-B90D-E48361C51E71}.Debug|Any CPU.ActiveCfg = Debug|Any CPU
		{20E89135-0193-453B-B90D-E48361C51E71}.Debug|Any CPU.Build.0 = Debug|Any CPU
		{20E89135-0193-453B-B90D-E48361C51E71}.Release|Any CPU.ActiveCfg = Release|Any CPU
		{20E89135-0193-453B-B90D-E48361C51E71}.Release|Any CPU.Build.0 = Release|Any CPU
		{C50A3311-73B2-468B-8F26-8AD805E5C095}.Debug|Any CPU.ActiveCfg = Debug|Any CPU
		{C50A3311-73B2-468B-8F26-8AD805E5C095}.Debug|Any CPU.Build.0 = Debug|Any CPU
		{C50A3311-73B2-468B-8F26-8AD805E5C095}.Release|Any CPU.ActiveCfg = Release|Any CPU
		{C50A3311-73B2-468B-8F26-8AD805E5C095}.Release|Any CPU.Build.0 = Release|Any CPU
		{770FD00A-FC22-481F-B8EA-1662DCB0EBCE}.Debug|Any CPU.ActiveCfg = Debug|Any CPU
		{770FD00A-FC22-481F-B8EA-1662DCB0EBCE}.Debug|Any CPU.Build.0 = Debug|Any CPU
		{770FD00A-FC22-481F-B8EA-1662DCB0EBCE}.Release|Any CPU.ActiveCfg = Release|Any CPU
		{770FD00A-FC22-481F-B8EA-1662DCB0EBCE}.Release|Any CPU.Build.0 = Release|Any CPU
		{3438AE10-B850-4ADD-A34A-0AED8E060F89}.Debug|Any CPU.ActiveCfg = Debug|Any CPU
		{3438AE10-B850-4ADD-A34A-0AED8E060F89}.Debug|Any CPU.Build.0 = Debug|Any CPU
		{3438AE10-B850-4ADD-A34A-0AED8E060F89}.Release|Any CPU.ActiveCfg = Release|Any CPU
		{3438AE10-B850-4ADD-A34A-0AED8E060F89}.Release|Any CPU.Build.0 = Release|Any CPU
		{0848ED77-DB75-4195-B59C-1B4BF0F4EFA8}.Debug|Any CPU.ActiveCfg = Debug|Any CPU
		{0848ED77-DB75-4195-B59C-1B4BF0F4EFA8}.Debug|Any CPU.Build.0 = Debug|Any CPU
		{0848ED77-DB75-4195-B59C-1B4BF0F4EFA8}.Release|Any CPU.ActiveCfg = Release|Any CPU
		{0848ED77-DB75-4195-B59C-1B4BF0F4EFA8}.Release|Any CPU.Build.0 = Release|Any CPU
		{263DEA15-C146-4C68-B930-D771733F77C6}.Debug|Any CPU.ActiveCfg = Debug|Any CPU
		{263DEA15-C146-4C68-B930-D771733F77C6}.Debug|Any CPU.Build.0 = Debug|Any CPU
		{263DEA15-C146-4C68-B930-D771733F77C6}.Release|Any CPU.ActiveCfg = Release|Any CPU
		{263DEA15-C146-4C68-B930-D771733F77C6}.Release|Any CPU.Build.0 = Release|Any CPU
		{3DC8CD5B-BB9C-4FF0-9101-A5E7A185ED36}.Debug|Any CPU.ActiveCfg = Debug|Any CPU
		{3DC8CD5B-BB9C-4FF0-9101-A5E7A185ED36}.Debug|Any CPU.Build.0 = Debug|Any CPU
		{3DC8CD5B-BB9C-4FF0-9101-A5E7A185ED36}.Release|Any CPU.ActiveCfg = Release|Any CPU
		{3DC8CD5B-BB9C-4FF0-9101-A5E7A185ED36}.Release|Any CPU.Build.0 = Release|Any CPU
		{0CDC4A91-192F-4BB8-A47C-7630E8695E41}.Debug|Any CPU.ActiveCfg = Debug|Any CPU
		{0CDC4A91-192F-4BB8-A47C-7630E8695E41}.Debug|Any CPU.Build.0 = Debug|Any CPU
		{0CDC4A91-192F-4BB8-A47C-7630E8695E41}.Release|Any CPU.ActiveCfg = Release|Any CPU
		{0CDC4A91-192F-4BB8-A47C-7630E8695E41}.Release|Any CPU.Build.0 = Release|Any CPU
		{1098CBA6-EC79-4B53-8314-F43ED432104E}.Debug|Any CPU.ActiveCfg = Debug|Any CPU
		{1098CBA6-EC79-4B53-8314-F43ED432104E}.Debug|Any CPU.Build.0 = Debug|Any CPU
		{1098CBA6-EC79-4B53-8314-F43ED432104E}.Release|Any CPU.ActiveCfg = Release|Any CPU
		{1098CBA6-EC79-4B53-8314-F43ED432104E}.Release|Any CPU.Build.0 = Release|Any CPU
		{7B27D2A1-7463-447E-98B7-7E814D6F7A10}.Debug|Any CPU.ActiveCfg = Debug|Any CPU
		{7B27D2A1-7463-447E-98B7-7E814D6F7A10}.Debug|Any CPU.Build.0 = Debug|Any CPU
		{7B27D2A1-7463-447E-98B7-7E814D6F7A10}.Release|Any CPU.ActiveCfg = Release|Any CPU
		{7B27D2A1-7463-447E-98B7-7E814D6F7A10}.Release|Any CPU.Build.0 = Release|Any CPU
		{15BD4DE9-E58A-41A1-9233-D5E708B19697}.Debug|Any CPU.ActiveCfg = Debug|Any CPU
		{15BD4DE9-E58A-41A1-9233-D5E708B19697}.Debug|Any CPU.Build.0 = Debug|Any CPU
		{15BD4DE9-E58A-41A1-9233-D5E708B19697}.Release|Any CPU.ActiveCfg = Release|Any CPU
		{15BD4DE9-E58A-41A1-9233-D5E708B19697}.Release|Any CPU.Build.0 = Release|Any CPU
		{D1FE7A00-415C-4FA6-9ABC-AA2D69A04948}.Debug|Any CPU.ActiveCfg = Debug|Any CPU
		{D1FE7A00-415C-4FA6-9ABC-AA2D69A04948}.Debug|Any CPU.Build.0 = Debug|Any CPU
		{D1FE7A00-415C-4FA6-9ABC-AA2D69A04948}.Release|Any CPU.ActiveCfg = Release|Any CPU
		{D1FE7A00-415C-4FA6-9ABC-AA2D69A04948}.Release|Any CPU.Build.0 = Release|Any CPU
		{093B5068-9AC9-4766-BCC9-C93A2C444E67}.Debug|Any CPU.ActiveCfg = Debug|Any CPU
		{093B5068-9AC9-4766-BCC9-C93A2C444E67}.Debug|Any CPU.Build.0 = Debug|Any CPU
		{093B5068-9AC9-4766-BCC9-C93A2C444E67}.Release|Any CPU.ActiveCfg = Release|Any CPU
		{093B5068-9AC9-4766-BCC9-C93A2C444E67}.Release|Any CPU.Build.0 = Release|Any CPU
		{822BEBF9-788B-4BB9-A79E-FA9FF26C723E}.Debug|Any CPU.ActiveCfg = Debug|Any CPU
		{822BEBF9-788B-4BB9-A79E-FA9FF26C723E}.Debug|Any CPU.Build.0 = Debug|Any CPU
		{822BEBF9-788B-4BB9-A79E-FA9FF26C723E}.Release|Any CPU.ActiveCfg = Release|Any CPU
		{822BEBF9-788B-4BB9-A79E-FA9FF26C723E}.Release|Any CPU.Build.0 = Release|Any CPU
		{12A7ED3E-5568-4843-817E-96B29B5DFED1}.Debug|Any CPU.ActiveCfg = Debug|Any CPU
		{12A7ED3E-5568-4843-817E-96B29B5DFED1}.Debug|Any CPU.Build.0 = Debug|Any CPU
		{12A7ED3E-5568-4843-817E-96B29B5DFED1}.Release|Any CPU.ActiveCfg = Release|Any CPU
		{12A7ED3E-5568-4843-817E-96B29B5DFED1}.Release|Any CPU.Build.0 = Release|Any CPU
		{706569E0-2979-4D8A-96C9-852D868D4399}.Debug|Any CPU.ActiveCfg = Debug|Any CPU
		{706569E0-2979-4D8A-96C9-852D868D4399}.Debug|Any CPU.Build.0 = Debug|Any CPU
		{706569E0-2979-4D8A-96C9-852D868D4399}.Release|Any CPU.ActiveCfg = Release|Any CPU
		{706569E0-2979-4D8A-96C9-852D868D4399}.Release|Any CPU.Build.0 = Release|Any CPU
		{7BC06B5D-72DE-43C2-9CCA-3D8ED83F3514}.Debug|Any CPU.ActiveCfg = Debug|Any CPU
		{7BC06B5D-72DE-43C2-9CCA-3D8ED83F3514}.Debug|Any CPU.Build.0 = Debug|Any CPU
		{7BC06B5D-72DE-43C2-9CCA-3D8ED83F3514}.Release|Any CPU.ActiveCfg = Release|Any CPU
		{7BC06B5D-72DE-43C2-9CCA-3D8ED83F3514}.Release|Any CPU.Build.0 = Release|Any CPU
	EndGlobalSection
	GlobalSection(SolutionProperties) = preSolution
		HideSolutionNode = FALSE
	EndGlobalSection
	GlobalSection(NestedProjects) = preSolution
		{F0CFB5D7-32BB-497F-8EB9-8F792E4D211E} = {B33EF166-2895-47CF-BF2C-740C271A250E}
		{20E89135-0193-453B-B90D-E48361C51E71} = {49161A77-61F0-442B-8874-A5FF7D2368C2}
		{C50A3311-73B2-468B-8F26-8AD805E5C095} = {6EBCA070-1271-4575-85F7-A11FD455D64C}
		{770FD00A-FC22-481F-B8EA-1662DCB0EBCE} = {49161A77-61F0-442B-8874-A5FF7D2368C2}
		{3438AE10-B850-4ADD-A34A-0AED8E060F89} = {6EBCA070-1271-4575-85F7-A11FD455D64C}
		{0848ED77-DB75-4195-B59C-1B4BF0F4EFA8} = {B33EF166-2895-47CF-BF2C-740C271A250E}
		{263DEA15-C146-4C68-B930-D771733F77C6} = {B33EF166-2895-47CF-BF2C-740C271A250E}
		{3DC8CD5B-BB9C-4FF0-9101-A5E7A185ED36} = {B33EF166-2895-47CF-BF2C-740C271A250E}
		{0CDC4A91-192F-4BB8-A47C-7630E8695E41} = {49161A77-61F0-442B-8874-A5FF7D2368C2}
		{1098CBA6-EC79-4B53-8314-F43ED432104E} = {B33EF166-2895-47CF-BF2C-740C271A250E}
		{7B27D2A1-7463-447E-98B7-7E814D6F7A10} = {B33EF166-2895-47CF-BF2C-740C271A250E}
		{15BD4DE9-E58A-41A1-9233-D5E708B19697} = {B33EF166-2895-47CF-BF2C-740C271A250E}
		{D1FE7A00-415C-4FA6-9ABC-AA2D69A04948} = {B33EF166-2895-47CF-BF2C-740C271A250E}
		{093B5068-9AC9-4766-BCC9-C93A2C444E67} = {B33EF166-2895-47CF-BF2C-740C271A250E}
		{822BEBF9-788B-4BB9-A79E-FA9FF26C723E} = {B33EF166-2895-47CF-BF2C-740C271A250E}
		{12A7ED3E-5568-4843-817E-96B29B5DFED1} = {B33EF166-2895-47CF-BF2C-740C271A250E}
		{706569E0-2979-4D8A-96C9-852D868D4399} = {49161A77-61F0-442B-8874-A5FF7D2368C2}
		{7BC06B5D-72DE-43C2-9CCA-3D8ED83F3514} = {49161A77-61F0-442B-8874-A5FF7D2368C2}
	EndGlobalSection
	GlobalSection(ExtensibilityGlobals) = postSolution
		SolutionGuid = {954CCC12-511A-4435-AE51-C19A527D4654}
	EndGlobalSection
EndGlobal
