
Microsoft Visual Studio Solution File, Format Version 12.00
# Visual Studio Version 16
VisualStudioVersion = 16.0.29123.89
MinimumVisualStudioVersion = 10.0.40219.1
Project("{2150E333-8FDC-42A3-9474-1A3956D46DE8}") = "src", "src", "{49161A77-61F0-442B-8874-A5FF7D2368C2}"
	ProjectSection(SolutionItems) = preProject
		src\Directory.Build.props = src\Directory.Build.props
	EndProjectSection
EndProject
Project("{2150E333-8FDC-42A3-9474-1A3956D46DE8}") = "test", "test", "{6EBCA070-1271-4575-85F7-A11FD455D64C}"
EndProject
Project("{2150E333-8FDC-42A3-9474-1A3956D46DE8}") = "samples", "samples", "{B33EF166-2895-47CF-BF2C-740C271A250E}"
EndProject
Project("{9A19103F-16F7-4668-BE54-9A1E7A4F7556}") = "MELT", "src\MELT\MELT.csproj", "{20E89135-0193-453B-B90D-E48361C51E71}"
EndProject
Project("{9A19103F-16F7-4668-BE54-9A1E7A4F7556}") = "MELT.Tests", "test\MELT.Tests\MELT.Tests.csproj", "{C50A3311-73B2-468B-8F26-8AD805E5C095}"
EndProject
Project("{9A19103F-16F7-4668-BE54-9A1E7A4F7556}") = "MELT.Xunit", "src\MELT.Xunit\MELT.Xunit.csproj", "{770FD00A-FC22-481F-B8EA-1662DCB0EBCE}"
EndProject
Project("{9A19103F-16F7-4668-BE54-9A1E7A4F7556}") = "MELT.Xunit.Tests", "test\MELT.Xunit.Tests\MELT.Xunit.Tests.csproj", "{3438AE10-B850-4ADD-A34A-0AED8E060F89}"
EndProject
Project("{2150E333-8FDC-42A3-9474-1A3956D46DE8}") = "Solution Items", "Solution Items", "{FCD27AA9-D880-4B0C-AAF1-240F0A901D30}"
	ProjectSection(SolutionItems) = preProject
		.editorconfig = .editorconfig
		Directory.Build.props = Directory.Build.props
		README.md = README.md
	EndProjectSection
EndProject
Project("{9A19103F-16F7-4668-BE54-9A1E7A4F7556}") = "MELT.AspNetCore", "src\MELT.AspNetCore\MELT.AspNetCore.csproj", "{0CDC4A91-192F-4BB8-A47C-7630E8695E41}"
EndProject
Project("{9A19103F-16F7-4668-BE54-9A1E7A4F7556}") = "MELT.Serilog", "src\MELT.Serilog\MELT.Serilog.csproj", "{706569E0-2979-4D8A-96C9-852D868D4399}"
EndProject
Project("{9A19103F-16F7-4668-BE54-9A1E7A4F7556}") = "MELT.Serilog.AspNetCore", "src\MELT.Serilog.AspNetCore\MELT.Serilog.AspNetCore.csproj", "{89D51593-33AB-493A-B7DE-5C9DE17FFB6A}"
EndProject
Project("{2150E333-8FDC-42A3-9474-1A3956D46DE8}") = "current", "current", "{F08BF453-6A58-486F-8D06-FF08A82D386B}"
EndProject
Project("{2150E333-8FDC-42A3-9474-1A3956D46DE8}") = "legacy", "legacy", "{6A9FF42F-4F1A-48E6-8288-1F35AF1242DD}"
EndProject
Project("{2150E333-8FDC-42A3-9474-1A3956D46DE8}") = "2.1", "2.1", "{A504AB4E-DD04-4249-810F-211C3DD3F4AD}"
EndProject
Project("{2150E333-8FDC-42A3-9474-1A3956D46DE8}") = "serilog", "serilog", "{C4E22338-78A9-4E60-BCFE-36AE33B3803A}"
EndProject
Project("{9A19103F-16F7-4668-BE54-9A1E7A4F7556}") = "SampleLibrary", "samples\current\SampleLibrary\SampleLibrary.csproj", "{83C81ADC-1D90-4F2F-8DEC-D60C0B70ACC2}"
EndProject
Project("{9A19103F-16F7-4668-BE54-9A1E7A4F7556}") = "SampleLibrary.Tests", "samples\current\SampleLibrary.Tests\SampleLibrary.Tests.csproj", "{2AD2FFA4-86B2-4ABA-B70F-61C1D21BCB04}"
EndProject
Project("{9A19103F-16F7-4668-BE54-9A1E7A4F7556}") = "SampleWebApplicationSerilog", "samples\current\serilog\SampleWebApplicationSerilog\SampleWebApplicationSerilog.csproj", "{47F8EDAE-7CFE-4A3D-9D99-0ADB48470187}"
EndProject
Project("{9A19103F-16F7-4668-BE54-9A1E7A4F7556}") = "SampleWebApplicationSerilog.IntegrationTests", "samples\current\serilog\SampleWebApplicationSerilog.IntegrationTests\SampleWebApplicationSerilog.IntegrationTests.csproj", "{B2DB474F-D02E-4D54-83EC-A3351F609BAE}"
EndProject
Project("{9A19103F-16F7-4668-BE54-9A1E7A4F7556}") = "SampleWebApplicationSerilogAlternate", "samples\current\serilog\SampleWebApplicationSerilogAlternate\SampleWebApplicationSerilogAlternate.csproj", "{48253CD6-7CB0-45F3-9277-DECF6A442CEA}"
EndProject
Project("{9A19103F-16F7-4668-BE54-9A1E7A4F7556}") = "SampleWebApplicationSerilogAlternate.IntegrationTests", "samples\current\serilog\SampleWebApplicationSerilogAlternate.IntegrationTests\SampleWebApplicationSerilogAlternate.IntegrationTests.csproj", "{97F8FA44-188A-4DAF-B5A8-F8A2C70F7833}"
EndProject
Project("{9A19103F-16F7-4668-BE54-9A1E7A4F7556}") = "SampleLibrary.LegacyTests", "samples\legacy\SampleLibrary.LegacyTests\SampleLibrary.LegacyTests.csproj", "{83DA6150-46F6-4BDC-AE7F-8C8F877442BA}"
EndProject
Project("{9A19103F-16F7-4668-BE54-9A1E7A4F7556}") = "SampleLibrary.HandRolledTests", "samples\legacy\SampleLibrary.HandRolledTests\SampleLibrary.HandRolledTests.csproj", "{3AF86936-883E-4688-B894-9AD226346056}"
EndProject
Project("{9A19103F-16F7-4668-BE54-9A1E7A4F7556}") = "SampleWebApplication3_1.LegacyIntegrationTests", "samples\legacy\SampleWebApplication3_1.LegacyIntegrationTests\SampleWebApplication3_1.LegacyIntegrationTests.csproj", "{D9095000-1F72-41D5-96CE-8FF8E1F177F8}"
EndProject
Project("{9A19103F-16F7-4668-BE54-9A1E7A4F7556}") = "SampleWebApplication2_1", "samples\2.1\SampleWebApplication2_1\SampleWebApplication2_1.csproj", "{AA0655FF-BBA0-47ED-B7C6-85CFFD3E491D}"
EndProject
Project("{9A19103F-16F7-4668-BE54-9A1E7A4F7556}") = "SampleWebApplication2_1.IntegrationTests", "samples\2.1\SampleWebApplication2_1.IntegrationTests\SampleWebApplication2_1.IntegrationTests.csproj", "{A4CFAADC-BFE3-4ED0-8F44-944F0E65A83B}"
EndProject
Project("{2150E333-8FDC-42A3-9474-1A3956D46DE8}") = "NLog", "NLog", "{657E6E3B-D172-417A-9094-C215580E5AD9}"
EndProject
Project("{9A19103F-16F7-4668-BE54-9A1E7A4F7556}") = "SampleWebApplicationNLog", "samples\current\NLog\SampleWebApplicationNLog\SampleWebApplicationNLog.csproj", "{283E94A6-CD98-46DD-BF88-0207D0004885}"
EndProject
Project("{9A19103F-16F7-4668-BE54-9A1E7A4F7556}") = "SampleWebApplicationNLog.IntegrationTests", "samples\current\NLog\SampleWebApplicationNLog.IntegrationTests\SampleWebApplicationNLog.IntegrationTests.csproj", "{F8FE8604-86EE-42CE-91FA-1ACBDA83F9A2}"
EndProject
Project("{2150E333-8FDC-42A3-9474-1A3956D46DE8}") = "3.1", "3.1", "{E77E65BC-8A95-4113-BB22-BE56D6226157}"
EndProject
Project("{9A19103F-16F7-4668-BE54-9A1E7A4F7556}") = "SampleWebApplication3_1", "samples\3.1\SampleWebApplication3_1\SampleWebApplication3_1.csproj", "{8C899E89-0F38-4696-B9DB-311BFB6D1E33}"
EndProject
Project("{9A19103F-16F7-4668-BE54-9A1E7A4F7556}") = "SampleWebApplication3_1.IntegrationTests", "samples\3.1\SampleWebApplication3_1.IntegrationTests\SampleWebApplication3_1.IntegrationTests.csproj", "{E37446E1-7760-4AD0-B703-B635454E5B3C}"
EndProject
Global
	GlobalSection(SolutionConfigurationPlatforms) = preSolution
		Debug|Any CPU = Debug|Any CPU
		Release|Any CPU = Release|Any CPU
	EndGlobalSection
	GlobalSection(ProjectConfigurationPlatforms) = postSolution
		{20E89135-0193-453B-B90D-E48361C51E71}.Debug|Any CPU.ActiveCfg = Debug|Any CPU
		{20E89135-0193-453B-B90D-E48361C51E71}.Debug|Any CPU.Build.0 = Debug|Any CPU
		{20E89135-0193-453B-B90D-E48361C51E71}.Release|Any CPU.ActiveCfg = Release|Any CPU
		{20E89135-0193-453B-B90D-E48361C51E71}.Release|Any CPU.Build.0 = Release|Any CPU
		{C50A3311-73B2-468B-8F26-8AD805E5C095}.Debug|Any CPU.ActiveCfg = Debug|Any CPU
		{C50A3311-73B2-468B-8F26-8AD805E5C095}.Debug|Any CPU.Build.0 = Debug|Any CPU
		{C50A3311-73B2-468B-8F26-8AD805E5C095}.Release|Any CPU.ActiveCfg = Release|Any CPU
		{C50A3311-73B2-468B-8F26-8AD805E5C095}.Release|Any CPU.Build.0 = Release|Any CPU
		{770FD00A-FC22-481F-B8EA-1662DCB0EBCE}.Debug|Any CPU.ActiveCfg = Debug|Any CPU
		{770FD00A-FC22-481F-B8EA-1662DCB0EBCE}.Debug|Any CPU.Build.0 = Debug|Any CPU
		{770FD00A-FC22-481F-B8EA-1662DCB0EBCE}.Release|Any CPU.ActiveCfg = Release|Any CPU
		{770FD00A-FC22-481F-B8EA-1662DCB0EBCE}.Release|Any CPU.Build.0 = Release|Any CPU
		{3438AE10-B850-4ADD-A34A-0AED8E060F89}.Debug|Any CPU.ActiveCfg = Debug|Any CPU
		{3438AE10-B850-4ADD-A34A-0AED8E060F89}.Debug|Any CPU.Build.0 = Debug|Any CPU
		{3438AE10-B850-4ADD-A34A-0AED8E060F89}.Release|Any CPU.ActiveCfg = Release|Any CPU
		{3438AE10-B850-4ADD-A34A-0AED8E060F89}.Release|Any CPU.Build.0 = Release|Any CPU
		{0CDC4A91-192F-4BB8-A47C-7630E8695E41}.Debug|Any CPU.ActiveCfg = Debug|Any CPU
		{0CDC4A91-192F-4BB8-A47C-7630E8695E41}.Debug|Any CPU.Build.0 = Debug|Any CPU
		{0CDC4A91-192F-4BB8-A47C-7630E8695E41}.Release|Any CPU.ActiveCfg = Release|Any CPU
		{0CDC4A91-192F-4BB8-A47C-7630E8695E41}.Release|Any CPU.Build.0 = Release|Any CPU
		{706569E0-2979-4D8A-96C9-852D868D4399}.Debug|Any CPU.ActiveCfg = Debug|Any CPU
		{706569E0-2979-4D8A-96C9-852D868D4399}.Debug|Any CPU.Build.0 = Debug|Any CPU
		{706569E0-2979-4D8A-96C9-852D868D4399}.Release|Any CPU.ActiveCfg = Release|Any CPU
		{706569E0-2979-4D8A-96C9-852D868D4399}.Release|Any CPU.Build.0 = Release|Any CPU
		{89D51593-33AB-493A-B7DE-5C9DE17FFB6A}.Debug|Any CPU.ActiveCfg = Debug|Any CPU
		{89D51593-33AB-493A-B7DE-5C9DE17FFB6A}.Debug|Any CPU.Build.0 = Debug|Any CPU
		{89D51593-33AB-493A-B7DE-5C9DE17FFB6A}.Release|Any CPU.ActiveCfg = Release|Any CPU
		{89D51593-33AB-493A-B7DE-5C9DE17FFB6A}.Release|Any CPU.Build.0 = Release|Any CPU
		{83C81ADC-1D90-4F2F-8DEC-D60C0B70ACC2}.Debug|Any CPU.ActiveCfg = Debug|Any CPU
		{83C81ADC-1D90-4F2F-8DEC-D60C0B70ACC2}.Debug|Any CPU.Build.0 = Debug|Any CPU
		{83C81ADC-1D90-4F2F-8DEC-D60C0B70ACC2}.Release|Any CPU.ActiveCfg = Release|Any CPU
		{83C81ADC-1D90-4F2F-8DEC-D60C0B70ACC2}.Release|Any CPU.Build.0 = Release|Any CPU
		{2AD2FFA4-86B2-4ABA-B70F-61C1D21BCB04}.Debug|Any CPU.ActiveCfg = Debug|Any CPU
		{2AD2FFA4-86B2-4ABA-B70F-61C1D21BCB04}.Debug|Any CPU.Build.0 = Debug|Any CPU
		{2AD2FFA4-86B2-4ABA-B70F-61C1D21BCB04}.Release|Any CPU.ActiveCfg = Release|Any CPU
		{2AD2FFA4-86B2-4ABA-B70F-61C1D21BCB04}.Release|Any CPU.Build.0 = Release|Any CPU
		{47F8EDAE-7CFE-4A3D-9D99-0ADB48470187}.Debug|Any CPU.ActiveCfg = Debug|Any CPU
		{47F8EDAE-7CFE-4A3D-9D99-0ADB48470187}.Debug|Any CPU.Build.0 = Debug|Any CPU
		{47F8EDAE-7CFE-4A3D-9D99-0ADB48470187}.Release|Any CPU.ActiveCfg = Release|Any CPU
		{47F8EDAE-7CFE-4A3D-9D99-0ADB48470187}.Release|Any CPU.Build.0 = Release|Any CPU
		{B2DB474F-D02E-4D54-83EC-A3351F609BAE}.Debug|Any CPU.ActiveCfg = Debug|Any CPU
		{B2DB474F-D02E-4D54-83EC-A3351F609BAE}.Debug|Any CPU.Build.0 = Debug|Any CPU
		{B2DB474F-D02E-4D54-83EC-A3351F609BAE}.Release|Any CPU.ActiveCfg = Release|Any CPU
		{B2DB474F-D02E-4D54-83EC-A3351F609BAE}.Release|Any CPU.Build.0 = Release|Any CPU
		{48253CD6-7CB0-45F3-9277-DECF6A442CEA}.Debug|Any CPU.ActiveCfg = Debug|Any CPU
		{48253CD6-7CB0-45F3-9277-DECF6A442CEA}.Debug|Any CPU.Build.0 = Debug|Any CPU
		{48253CD6-7CB0-45F3-9277-DECF6A442CEA}.Release|Any CPU.ActiveCfg = Release|Any CPU
		{48253CD6-7CB0-45F3-9277-DECF6A442CEA}.Release|Any CPU.Build.0 = Release|Any CPU
		{97F8FA44-188A-4DAF-B5A8-F8A2C70F7833}.Debug|Any CPU.ActiveCfg = Debug|Any CPU
		{97F8FA44-188A-4DAF-B5A8-F8A2C70F7833}.Debug|Any CPU.Build.0 = Debug|Any CPU
		{97F8FA44-188A-4DAF-B5A8-F8A2C70F7833}.Release|Any CPU.ActiveCfg = Release|Any CPU
		{97F8FA44-188A-4DAF-B5A8-F8A2C70F7833}.Release|Any CPU.Build.0 = Release|Any CPU
		{83DA6150-46F6-4BDC-AE7F-8C8F877442BA}.Debug|Any CPU.ActiveCfg = Debug|Any CPU
		{83DA6150-46F6-4BDC-AE7F-8C8F877442BA}.Debug|Any CPU.Build.0 = Debug|Any CPU
		{83DA6150-46F6-4BDC-AE7F-8C8F877442BA}.Release|Any CPU.ActiveCfg = Release|Any CPU
		{83DA6150-46F6-4BDC-AE7F-8C8F877442BA}.Release|Any CPU.Build.0 = Release|Any CPU
		{3AF86936-883E-4688-B894-9AD226346056}.Debug|Any CPU.ActiveCfg = Debug|Any CPU
		{3AF86936-883E-4688-B894-9AD226346056}.Debug|Any CPU.Build.0 = Debug|Any CPU
		{3AF86936-883E-4688-B894-9AD226346056}.Release|Any CPU.ActiveCfg = Release|Any CPU
		{3AF86936-883E-4688-B894-9AD226346056}.Release|Any CPU.Build.0 = Release|Any CPU
		{D9095000-1F72-41D5-96CE-8FF8E1F177F8}.Debug|Any CPU.ActiveCfg = Debug|Any CPU
		{D9095000-1F72-41D5-96CE-8FF8E1F177F8}.Debug|Any CPU.Build.0 = Debug|Any CPU
		{D9095000-1F72-41D5-96CE-8FF8E1F177F8}.Release|Any CPU.ActiveCfg = Release|Any CPU
		{D9095000-1F72-41D5-96CE-8FF8E1F177F8}.Release|Any CPU.Build.0 = Release|Any CPU
		{AA0655FF-BBA0-47ED-B7C6-85CFFD3E491D}.Debug|Any CPU.ActiveCfg = Debug|Any CPU
		{AA0655FF-BBA0-47ED-B7C6-85CFFD3E491D}.Debug|Any CPU.Build.0 = Debug|Any CPU
		{AA0655FF-BBA0-47ED-B7C6-85CFFD3E491D}.Release|Any CPU.ActiveCfg = Release|Any CPU
		{AA0655FF-BBA0-47ED-B7C6-85CFFD3E491D}.Release|Any CPU.Build.0 = Release|Any CPU
		{A4CFAADC-BFE3-4ED0-8F44-944F0E65A83B}.Debug|Any CPU.ActiveCfg = Debug|Any CPU
		{A4CFAADC-BFE3-4ED0-8F44-944F0E65A83B}.Debug|Any CPU.Build.0 = Debug|Any CPU
		{A4CFAADC-BFE3-4ED0-8F44-944F0E65A83B}.Release|Any CPU.ActiveCfg = Release|Any CPU
		{A4CFAADC-BFE3-4ED0-8F44-944F0E65A83B}.Release|Any CPU.Build.0 = Release|Any CPU
		{283E94A6-CD98-46DD-BF88-0207D0004885}.Debug|Any CPU.ActiveCfg = Debug|Any CPU
		{283E94A6-CD98-46DD-BF88-0207D0004885}.Debug|Any CPU.Build.0 = Debug|Any CPU
		{283E94A6-CD98-46DD-BF88-0207D0004885}.Release|Any CPU.ActiveCfg = Release|Any CPU
		{283E94A6-CD98-46DD-BF88-0207D0004885}.Release|Any CPU.Build.0 = Release|Any CPU
		{F8FE8604-86EE-42CE-91FA-1ACBDA83F9A2}.Debug|Any CPU.ActiveCfg = Debug|Any CPU
		{F8FE8604-86EE-42CE-91FA-1ACBDA83F9A2}.Debug|Any CPU.Build.0 = Debug|Any CPU
		{F8FE8604-86EE-42CE-91FA-1ACBDA83F9A2}.Release|Any CPU.ActiveCfg = Release|Any CPU
		{F8FE8604-86EE-42CE-91FA-1ACBDA83F9A2}.Release|Any CPU.Build.0 = Release|Any CPU
		{8C899E89-0F38-4696-B9DB-311BFB6D1E33}.Debug|Any CPU.ActiveCfg = Debug|Any CPU
		{8C899E89-0F38-4696-B9DB-311BFB6D1E33}.Debug|Any CPU.Build.0 = Debug|Any CPU
		{8C899E89-0F38-4696-B9DB-311BFB6D1E33}.Release|Any CPU.ActiveCfg = Release|Any CPU
		{8C899E89-0F38-4696-B9DB-311BFB6D1E33}.Release|Any CPU.Build.0 = Release|Any CPU
		{E37446E1-7760-4AD0-B703-B635454E5B3C}.Debug|Any CPU.ActiveCfg = Debug|Any CPU
		{E37446E1-7760-4AD0-B703-B635454E5B3C}.Debug|Any CPU.Build.0 = Debug|Any CPU
		{E37446E1-7760-4AD0-B703-B635454E5B3C}.Release|Any CPU.ActiveCfg = Release|Any CPU
		{E37446E1-7760-4AD0-B703-B635454E5B3C}.Release|Any CPU.Build.0 = Release|Any CPU
	EndGlobalSection
	GlobalSection(SolutionProperties) = preSolution
		HideSolutionNode = FALSE
	EndGlobalSection
	GlobalSection(NestedProjects) = preSolution
		{20E89135-0193-453B-B90D-E48361C51E71} = {49161A77-61F0-442B-8874-A5FF7D2368C2}
		{C50A3311-73B2-468B-8F26-8AD805E5C095} = {6EBCA070-1271-4575-85F7-A11FD455D64C}
		{770FD00A-FC22-481F-B8EA-1662DCB0EBCE} = {49161A77-61F0-442B-8874-A5FF7D2368C2}
		{3438AE10-B850-4ADD-A34A-0AED8E060F89} = {6EBCA070-1271-4575-85F7-A11FD455D64C}
		{0CDC4A91-192F-4BB8-A47C-7630E8695E41} = {49161A77-61F0-442B-8874-A5FF7D2368C2}
		{706569E0-2979-4D8A-96C9-852D868D4399} = {49161A77-61F0-442B-8874-A5FF7D2368C2}
		{89D51593-33AB-493A-B7DE-5C9DE17FFB6A} = {49161A77-61F0-442B-8874-A5FF7D2368C2}
		{F08BF453-6A58-486F-8D06-FF08A82D386B} = {B33EF166-2895-47CF-BF2C-740C271A250E}
		{6A9FF42F-4F1A-48E6-8288-1F35AF1242DD} = {B33EF166-2895-47CF-BF2C-740C271A250E}
		{A504AB4E-DD04-4249-810F-211C3DD3F4AD} = {B33EF166-2895-47CF-BF2C-740C271A250E}
		{C4E22338-78A9-4E60-BCFE-36AE33B3803A} = {F08BF453-6A58-486F-8D06-FF08A82D386B}
		{83C81ADC-1D90-4F2F-8DEC-D60C0B70ACC2} = {F08BF453-6A58-486F-8D06-FF08A82D386B}
		{2AD2FFA4-86B2-4ABA-B70F-61C1D21BCB04} = {F08BF453-6A58-486F-8D06-FF08A82D386B}
		{47F8EDAE-7CFE-4A3D-9D99-0ADB48470187} = {C4E22338-78A9-4E60-BCFE-36AE33B3803A}
		{B2DB474F-D02E-4D54-83EC-A3351F609BAE} = {C4E22338-78A9-4E60-BCFE-36AE33B3803A}
		{48253CD6-7CB0-45F3-9277-DECF6A442CEA} = {C4E22338-78A9-4E60-BCFE-36AE33B3803A}
		{97F8FA44-188A-4DAF-B5A8-F8A2C70F7833} = {C4E22338-78A9-4E60-BCFE-36AE33B3803A}
		{83DA6150-46F6-4BDC-AE7F-8C8F877442BA} = {6A9FF42F-4F1A-48E6-8288-1F35AF1242DD}
		{3AF86936-883E-4688-B894-9AD226346056} = {6A9FF42F-4F1A-48E6-8288-1F35AF1242DD}
		{D9095000-1F72-41D5-96CE-8FF8E1F177F8} = {6A9FF42F-4F1A-48E6-8288-1F35AF1242DD}
		{AA0655FF-BBA0-47ED-B7C6-85CFFD3E491D} = {A504AB4E-DD04-4249-810F-211C3DD3F4AD}
		{A4CFAADC-BFE3-4ED0-8F44-944F0E65A83B} = {A504AB4E-DD04-4249-810F-211C3DD3F4AD}
		{657E6E3B-D172-417A-9094-C215580E5AD9} = {F08BF453-6A58-486F-8D06-FF08A82D386B}
		{283E94A6-CD98-46DD-BF88-0207D0004885} = {657E6E3B-D172-417A-9094-C215580E5AD9}
		{F8FE8604-86EE-42CE-91FA-1ACBDA83F9A2} = {657E6E3B-D172-417A-9094-C215580E5AD9}
		{E77E65BC-8A95-4113-BB22-BE56D6226157} = {B33EF166-2895-47CF-BF2C-740C271A250E}
		{8C899E89-0F38-4696-B9DB-311BFB6D1E33} = {E77E65BC-8A95-4113-BB22-BE56D6226157}
		{E37446E1-7760-4AD0-B703-B635454E5B3C} = {E77E65BC-8A95-4113-BB22-BE56D6226157}
	EndGlobalSection
	GlobalSection(ExtensibilityGlobals) = postSolution
		SolutionGuid = {954CCC12-511A-4435-AE51-C19A527D4654}
	EndGlobalSection
EndGlobal
